
Microsoft Visual Studio Solution File, Format Version 12.00
# Visual Studio 2015
Project("{FAE04EC0-301F-11D3-BF4B-00C04F79EFBC}") = "mw_demo", "mw_demo.csproj", "{61566CB1-10D7-4D1B-80CE-C9F34C044940}"
EndProject
Project("{FAE04EC0-301F-11D3-BF4B-00C04F79EFBC}") = "mw_demo.Editor", "mw_demo.Editor.csproj", "{0F8D5502-AECD-7CCA-7EC5-7D22EA55BB4E}"
EndProject
Global
	GlobalSection(SolutionConfigurationPlatforms) = preSolution
		Debug|Any CPU = Debug|Any CPU
		Release|Any CPU = Release|Any CPU
	EndGlobalSection
	GlobalSection(ProjectConfigurationPlatforms) = postSolution
		{61566CB1-10D7-4D1B-80CE-C9F34C044940}.Debug|Any CPU.ActiveCfg = Debug|Any CPU
		{61566CB1-10D7-4D1B-80CE-C9F34C044940}.Debug|Any CPU.Build.0 = Debug|Any CPU
		{61566CB1-10D7-4D1B-80CE-C9F34C044940}.Release|Any CPU.ActiveCfg = Release|Any CPU
		{61566CB1-10D7-4D1B-80CE-C9F34C044940}.Release|Any CPU.Build.0 = Release|Any CPU
		{0F8D5502-AECD-7CCA-7EC5-7D22EA55BB4E}.Debug|Any CPU.ActiveCfg = Debug|Any CPU
		{0F8D5502-AECD-7CCA-7EC5-7D22EA55BB4E}.Debug|Any CPU.Build.0 = Debug|Any CPU
		{0F8D5502-AECD-7CCA-7EC5-7D22EA55BB4E}.Release|Any CPU.ActiveCfg = Release|Any CPU
		{0F8D5502-AECD-7CCA-7EC5-7D22EA55BB4E}.Release|Any CPU.Build.0 = Release|Any CPU
	EndGlobalSection
	GlobalSection(SolutionProperties) = preSolution
		HideSolutionNode = FALSE
	EndGlobalSection
EndGlobal
